
Microsoft Visual Studio Solution File, Format Version 12.00
# Visual Studio Version 17
VisualStudioVersion = 17.10.35027.167
MinimumVisualStudioVersion = 10.0.40219.1
Project("{FAE04EC0-301F-11D3-BF4B-00C04F79EFBC}") = "ITILAB", "ITILAB\ITILAB.csproj", "{ABAE2A16-5246-487C-BC3B-6D0F5AB23F30}"
EndProject
Global
	GlobalSection(SolutionConfigurationPlatforms) = preSolution
		Debug|Any CPU = Debug|Any CPU
		Release|Any CPU = Release|Any CPU
	EndGlobalSection
	GlobalSection(ProjectConfigurationPlatforms) = postSolution
		{ABAE2A16-5246-487C-BC3B-6D0F5AB23F30}.Debug|Any CPU.ActiveCfg = Debug|Any CPU
		{ABAE2A16-5246-487C-BC3B-6D0F5AB23F30}.Debug|Any CPU.Build.0 = Debug|Any CPU
		{ABAE2A16-5246-487C-BC3B-6D0F5AB23F30}.Release|Any CPU.ActiveCfg = Release|Any CPU
		{ABAE2A16-5246-487C-BC3B-6D0F5AB23F30}.Release|Any CPU.Build.0 = Release|Any CPU
	EndGlobalSection
	GlobalSection(SolutionProperties) = preSolution
		HideSolutionNode = FALSE
	EndGlobalSection
	GlobalSection(ExtensibilityGlobals) = postSolution
		SolutionGuid = {B2873C37-9DB7-4348-AD66-6B5DDF9F3D22}
	EndGlobalSection
EndGlobal
